
Microsoft Visual Studio Solution File, Format Version 12.00
# Visual Studio 15
VisualStudioVersion = 15.0.28010.2050
MinimumVisualStudioVersion = 10.0.40219.1
Project("{FAE04EC0-301F-11D3-BF4B-00C04F79EFBC}") = "Testing", "testing1-1\Testing.csproj", "{9D729415-2DBC-4101-A943-07D5C388B870}"
EndProject
Project("{9A19103F-16F7-4668-BE54-9A1E7A4F7556}") = "Bank", "..\testing1\Bank\Bank.csproj", "{276652CD-3846-4F62-9150-7ADE5CD5ADA2}"
EndProject
Project("{FAE04EC0-301F-11D3-BF4B-00C04F79EFBC}") = "BankTests", "..\testing1\BankTests\BankTests.csproj", "{30B8D3BD-1297-4BB9-A77B-C9DC0605F93E}"
EndProject
Project("{FAE04EC0-301F-11D3-BF4B-00C04F79EFBC}") = "UnitTestProject1", "UnitTestProject1\UnitTestProject1.csproj", "{F328C69F-F3A4-49F3-B5ED-CD166C0BE069}"
EndProject
Global
	GlobalSection(SolutionConfigurationPlatforms) = preSolution
		Debug|Any CPU = Debug|Any CPU
		Release|Any CPU = Release|Any CPU
	EndGlobalSection
	GlobalSection(ProjectConfigurationPlatforms) = postSolution
		{9D729415-2DBC-4101-A943-07D5C388B870}.Debug|Any CPU.ActiveCfg = Debug|Any CPU
		{9D729415-2DBC-4101-A943-07D5C388B870}.Debug|Any CPU.Build.0 = Debug|Any CPU
		{9D729415-2DBC-4101-A943-07D5C388B870}.Release|Any CPU.ActiveCfg = Release|Any CPU
		{9D729415-2DBC-4101-A943-07D5C388B870}.Release|Any CPU.Build.0 = Release|Any CPU
		{276652CD-3846-4F62-9150-7ADE5CD5ADA2}.Debug|Any CPU.ActiveCfg = Debug|Any CPU
		{276652CD-3846-4F62-9150-7ADE5CD5ADA2}.Debug|Any CPU.Build.0 = Debug|Any CPU
		{276652CD-3846-4F62-9150-7ADE5CD5ADA2}.Release|Any CPU.ActiveCfg = Release|Any CPU
		{276652CD-3846-4F62-9150-7ADE5CD5ADA2}.Release|Any CPU.Build.0 = Release|Any CPU
		{30B8D3BD-1297-4BB9-A77B-C9DC0605F93E}.Debug|Any CPU.ActiveCfg = Debug|Any CPU
		{30B8D3BD-1297-4BB9-A77B-C9DC0605F93E}.Debug|Any CPU.Build.0 = Debug|Any CPU
		{30B8D3BD-1297-4BB9-A77B-C9DC0605F93E}.Release|Any CPU.ActiveCfg = Release|Any CPU
		{30B8D3BD-1297-4BB9-A77B-C9DC0605F93E}.Release|Any CPU.Build.0 = Release|Any CPU
		{F328C69F-F3A4-49F3-B5ED-CD166C0BE069}.Debug|Any CPU.ActiveCfg = Debug|Any CPU
		{F328C69F-F3A4-49F3-B5ED-CD166C0BE069}.Debug|Any CPU.Build.0 = Debug|Any CPU
		{F328C69F-F3A4-49F3-B5ED-CD166C0BE069}.Release|Any CPU.ActiveCfg = Release|Any CPU
		{F328C69F-F3A4-49F3-B5ED-CD166C0BE069}.Release|Any CPU.Build.0 = Release|Any CPU
	EndGlobalSection
	GlobalSection(SolutionProperties) = preSolution
		HideSolutionNode = FALSE
	EndGlobalSection
	GlobalSection(ExtensibilityGlobals) = postSolution
		SolutionGuid = {C269C3FB-BE78-43E9-ADF0-12E777451558}
	EndGlobalSection
EndGlobal
